
Microsoft Visual Studio Solution File, Format Version 12.00
# Visual Studio 15
VisualStudioVersion = 15.0.27520.0
MinimumVisualStudioVersion = 10.0.40219.1
Project("{FAE04EC0-301F-11D3-BF4B-00C04F79EFBC}") = "2mantools", "2mantools\2mantools.csproj", "{194B2DCD-4E50-47E7-A700-DA2D564A606E}"
EndProject
Global
	GlobalSection(SolutionConfigurationPlatforms) = preSolution
		Debug|Any CPU = Debug|Any CPU
		Release|Any CPU = Release|Any CPU
	EndGlobalSection
	GlobalSection(ProjectConfigurationPlatforms) = postSolution
		{194B2DCD-4E50-47E7-A700-DA2D564A606E}.Debug|Any CPU.ActiveCfg = Debug|Any CPU
		{194B2DCD-4E50-47E7-A700-DA2D564A606E}.Debug|Any CPU.Build.0 = Debug|Any CPU
		{194B2DCD-4E50-47E7-A700-DA2D564A606E}.Release|Any CPU.ActiveCfg = Release|Any CPU
		{194B2DCD-4E50-47E7-A700-DA2D564A606E}.Release|Any CPU.Build.0 = Release|Any CPU
	EndGlobalSection
	GlobalSection(SolutionProperties) = preSolution
		HideSolutionNode = FALSE
	EndGlobalSection
	GlobalSection(ExtensibilityGlobals) = postSolution
		SolutionGuid = {E7904BBD-F22C-424C-9767-186EFC188BB0}
	EndGlobalSection
EndGlobal
